{
  "lockfileVersion": 1,
  "dependencies": {
    "blockchain-css": {
      "version": "1.1.29",
      "dependencies": {
        "bootstrap-sass": {
          "version": "3.3.7"
        }
      }
    },
    "bootstrap-sass": {
      "version": "3.3.7",
      "resolved": "https://registry.npmjs.org/bootstrap-sass/-/bootstrap-sass-3.3.7.tgz",
      "integrity": "sha1-ZZbHq0D2Y3OTMjqwvIDQZPxjBJg="
    }
  }
}
